
Microsoft Visual Studio Solution File, Format Version 12.00
# Visual Studio Version 16
VisualStudioVersion = 16.0.31624.102
MinimumVisualStudioVersion = 10.0.40219.1
Project("{FAE04EC0-301F-11D3-BF4B-00C04F79EFBC}") = "IPTreatmentOfferingMicroservice.Tests", "IPTreatmentOfferingMicroservice.Tests.csproj", "{562E29EE-7324-4758-BB75-B5C0CE18AC89}"
EndProject
Project("{9A19103F-16F7-4668-BE54-9A1E7A4F7556}") = "IPTreatmentOfferingMicroservice", "..\IPTreatmentOfferingMicroservice\IPTreatmentOfferingMicroservice.csproj", "{CECC1D66-6735-4655-BD75-712BCB80AC13}"
EndProject
Global
	GlobalSection(SolutionConfigurationPlatforms) = preSolution
		Debug|Any CPU = Debug|Any CPU
		Release|Any CPU = Release|Any CPU
	EndGlobalSection
	GlobalSection(ProjectConfigurationPlatforms) = postSolution
		{562E29EE-7324-4758-BB75-B5C0CE18AC89}.Debug|Any CPU.ActiveCfg = Debug|Any CPU
		{562E29EE-7324-4758-BB75-B5C0CE18AC89}.Debug|Any CPU.Build.0 = Debug|Any CPU
		{562E29EE-7324-4758-BB75-B5C0CE18AC89}.Release|Any CPU.ActiveCfg = Release|Any CPU
		{562E29EE-7324-4758-BB75-B5C0CE18AC89}.Release|Any CPU.Build.0 = Release|Any CPU
		{CECC1D66-6735-4655-BD75-712BCB80AC13}.Debug|Any CPU.ActiveCfg = Debug|Any CPU
		{CECC1D66-6735-4655-BD75-712BCB80AC13}.Debug|Any CPU.Build.0 = Debug|Any CPU
		{CECC1D66-6735-4655-BD75-712BCB80AC13}.Release|Any CPU.ActiveCfg = Release|Any CPU
		{CECC1D66-6735-4655-BD75-712BCB80AC13}.Release|Any CPU.Build.0 = Release|Any CPU
	EndGlobalSection
	GlobalSection(SolutionProperties) = preSolution
		HideSolutionNode = FALSE
	EndGlobalSection
	GlobalSection(ExtensibilityGlobals) = postSolution
		SolutionGuid = {CD404528-D291-4C82-9526-44A79D2A4650}
	EndGlobalSection
EndGlobal
